// !$*UTF8*$!
{
	archiveVersion = 1;
	classes = {
	};
	objectVersion = 77;
	objects = {

/* Begin PBXContainerItemProxy section */
		306A50E02DD08F4300CA520F /* PBXContainerItemProxy */ = {
			isa = PBXContainerItemProxy;
			containerPortal = 306A50CA2DD08F4200CA520F /* Project object */;
			proxyType = 1;
			remoteGlobalIDString = 306A50D12DD08F4200CA520F;
			remoteInfo = "Like Button Animation";
		};
		306A50EA2DD08F4300CA520F /* PBXContainerItemProxy */ = {
			isa = PBXContainerItemProxy;
			containerPortal = 306A50CA2DD08F4200CA520F /* Project object */;
			proxyType = 1;
			remoteGlobalIDString = 306A50D12DD08F4200CA520F;
			remoteInfo = "Like Button Animation";
		};
/* End PBXContainerItemProxy section */

/* Begin PBXFileReference section */
		306A50D22DD08F4200CA520F /* Like Button Animation.app */ = {isa = PBXFileReference; explicitFileType = wrapper.application; includeInIndex = 0; path = "Like Button Animation.app"; sourceTree = BUILT_PRODUCTS_DIR; };
		306A50DF2DD08F4300CA520F /* Like Button AnimationTests.xctest */ = {isa = PBXFileReference; explicitFileType = wrapper.cfbundle; includeInIndex = 0; path = "Like Button AnimationTests.xctest"; sourceTree = BUILT_PRODUCTS_DIR; };
		306A50E92DD08F4300CA520F /* Like Button AnimationUITests.xctest */ = {isa = PBXFileReference; explicitFileType = wrapper.cfbundle; includeInIndex = 0; path = "Like Button AnimationUITests.xctest"; sourceTree = BUILT_PRODUCTS_DIR; };
/* End PBXFileReference section */

/* Begin PBXFileSystemSynchronizedRootGroup section */
		306A50D42DD08F4200CA520F /* Like Button Animation */ = {
			isa = PBXFileSystemSynchronizedRootGroup;
			path = "Like Button Animation";
			sourceTree = "<group>";
		};
		306A50E22DD08F4300CA520F /* Like Button AnimationTests */ = {
			isa = PBXFileSystemSynchronizedRootGroup;
			path = "Like Button AnimationTests";
			sourceTree = "<group>";
		};
		306A50EC2DD08F4300CA520F /* Like Button AnimationUITests */ = {
			isa = PBXFileSystemSynchronizedRootGroup;
			path = "Like Button AnimationUITests";
			sourceTree = "<group>";
		};
/* End PBXFileSystemSynchronizedRootGroup section */

/* Begin PBXFrameworksBuildPhase section */
		306A50CF2DD08F4200CA520F /* Frameworks */ = {
			isa = PBXFrameworksBuildPhase;
			buildActionMask = 2147483647;
			files = (
			);
			runOnlyForDeploymentPostprocessing = 0;
		};
		306A50DC2DD08F4300CA520F /* Frameworks */ = {
			isa = PBXFrameworksBuildPhase;
			buildActionMask = 2147483647;
			files = (
			);
			runOnlyForDeploymentPostprocessing = 0;
		};
		306A50E62DD08F4300CA520F /* Frameworks */ = {
			isa = PBXFrameworksBuildPhase;
			buildActionMask = 2147483647;
			files = (
			);
			runOnlyForDeploymentPostprocessing = 0;
		};
/* End PBXFrameworksBuildPhase section */

/* Begin PBXGroup section */
		306A50C92DD08F4200CA520F = {
			isa = PBXGroup;
			children = (
				306A50D42DD08F4200CA520F /* Like Button Animation */,
				306A50E22DD08F4300CA520F /* Like Button AnimationTests */,
				306A50EC2DD08F4300CA520F /* Like Button AnimationUITests */,
				306A50D32DD08F4200CA520F /* Products */,
			);
			sourceTree = "<group>";
		};
		306A50D32DD08F4200CA520F /* Products */ = {
			isa = PBXGroup;
			children = (
				306A50D22DD08F4200CA520F /* Like Button Animation.app */,
				306A50DF2DD08F4300CA520F /* Like Button AnimationTests.xctest */,
				306A50E92DD08F4300CA520F /* Like Button AnimationUITests.xctest */,
			);
			name = Products;
			sourceTree = "<group>";
		};
/* End PBXGroup section */

/* Begin PBXNativeTarget section */
		306A50D12DD08F4200CA520F /* Like Button Animation */ = {
			isa = PBXNativeTarget;
			buildConfigurationList = 306A50F32DD08F4300CA520F /* Build configuration list for PBXNativeTarget "Like Button Animation" */;
			buildPhases = (
				306A50CE2DD08F4200CA520F /* Sources */,
				306A50CF2DD08F4200CA520F /* Frameworks */,
				306A50D02DD08F4200CA520F /* Resources */,
			);
			buildRules = (
			);
			dependencies = (
			);
			fileSystemSynchronizedGroups = (
				306A50D42DD08F4200CA520F /* Like Button Animation */,
			);
			name = "Like Button Animation";
			packageProductDependencies = (
			);
			productName = "Like Button Animation";
			productReference = 306A50D22DD08F4200CA520F /* Like Button Animation.app */;
			productType = "com.apple.product-type.application";
		};
		306A50DE2DD08F4300CA520F /* Like Button AnimationTests */ = {
			isa = PBXNativeTarget;
			buildConfigurationList = 306A50F62DD08F4300CA520F /* Build configuration list for PBXNativeTarget "Like Button AnimationTests" */;
			buildPhases = (
				306A50DB2DD08F4300CA520F /* Sources */,
				306A50DC2DD08F4300CA520F /* Frameworks */,
				306A50DD2DD08F4300CA520F /* Resources */,
			);
			buildRules = (
			);
			dependencies = (
				306A50E12DD08F4300CA520F /* PBXTargetDependency */,
			);
			fileSystemSynchronizedGroups = (
				306A50E22DD08F4300CA520F /* Like Button AnimationTests */,
			);
			name = "Like Button AnimationTests";
			packageProductDependencies = (
			);
			productName = "Like Button AnimationTests";
			productReference = 306A50DF2DD08F4300CA520F /* Like Button AnimationTests.xctest */;
			productType = "com.apple.product-type.bundle.unit-test";
		};
		306A50E82DD08F4300CA520F /* Like Button AnimationUITests */ = {
			isa = PBXNativeTarget;
			buildConfigurationList = 306A50F92DD08F4300CA520F /* Build configuration list for PBXNativeTarget "Like Button AnimationUITests" */;
			buildPhases = (
				306A50E52DD08F4300CA520F /* Sources */,
				306A50E62DD08F4300CA520F /* Frameworks */,
				306A50E72DD08F4300CA520F /* Resources */,
			);
			buildRules = (
			);
			dependencies = (
				306A50EB2DD08F4300CA520F /* PBXTargetDependency */,
			);
			fileSystemSynchronizedGroups = (
				306A50EC2DD08F4300CA520F /* Like Button AnimationUITests */,
			);
			name = "Like Button AnimationUITests";
			packageProductDependencies = (
			);
			productName = "Like Button AnimationUITests";
			productReference = 306A50E92DD08F4300CA520F /* Like Button AnimationUITests.xctest */;
			productType = "com.apple.product-type.bundle.ui-testing";
		};
/* End PBXNativeTarget section */

/* Begin PBXProject section */
		306A50CA2DD08F4200CA520F /* Project object */ = {
			isa = PBXProject;
			attributes = {
				BuildIndependentTargetsInParallel = 1;
				LastSwiftUpdateCheck = 1630;
				LastUpgradeCheck = 1630;
				TargetAttributes = {
					306A50D12DD08F4200CA520F = {
						CreatedOnToolsVersion = 16.3;
					};
					306A50DE2DD08F4300CA520F = {
						CreatedOnToolsVersion = 16.3;
						TestTargetID = 306A50D12DD08F4200CA520F;
					};
					306A50E82DD08F4300CA520F = {
						CreatedOnToolsVersion = 16.3;
						TestTargetID = 306A50D12DD08F4200CA520F;
					};
				};
			};
			buildConfigurationList = 306A50CD2DD08F4200CA520F /* Build configuration list for PBXProject "Like Button Animation" */;
			developmentRegion = en;
			hasScannedForEncodings = 0;
			knownRegions = (
				en,
				Base,
			);
			mainGroup = 306A50C92DD08F4200CA520F;
			minimizedProjectReferenceProxies = 1;
			preferredProjectObjectVersion = 77;
			productRefGroup = 306A50D32DD08F4200CA520F /* Products */;
			projectDirPath = "";
			projectRoot = "";
			targets = (
				306A50D12DD08F4200CA520F /* Like Button Animation */,
				306A50DE2DD08F4300CA520F /* Like Button AnimationTests */,
				306A50E82DD08F4300CA520F /* Like Button AnimationUITests */,
			);
		};
/* End PBXProject section */

/* Begin PBXResourcesBuildPhase section */
		306A50D02DD08F4200CA520F /* Resources */ = {
			isa = PBXResourcesBuildPhase;
			buildActionMask = 2147483647;
			files = (
			);
			runOnlyForDeploymentPostprocessing = 0;
		};
		306A50DD2DD08F4300CA520F /* Resources */ = {
			isa = PBXResourcesBuildPhase;
			buildActionMask = 2147483647;
			files = (
			);
			runOnlyForDeploymentPostprocessing = 0;
		};
		306A50E72DD08F4300CA520F /* Resources */ = {
			isa = PBXResourcesBuildPhase;
			buildActionMask = 2147483647;
			files = (
			);
			runOnlyForDeploymentPostprocessing = 0;
		};
/* End PBXResourcesBuildPhase section */

/* Begin PBXSourcesBuildPhase section */
		306A50CE2DD08F4200CA520F /* Sources */ = {
			isa = PBXSourcesBuildPhase;
			buildActionMask = 2147483647;
			files = (
			);
			runOnlyForDeploymentPostprocessing = 0;
		};
		306A50DB2DD08F4300CA520F /* Sources */ = {
			isa = PBXSourcesBuildPhase;
			buildActionMask = 2147483647;
			files = (
			);
			runOnlyForDeploymentPostprocessing = 0;
		};
		306A50E52DD08F4300CA520F /* Sources */ = {
			isa = PBXSourcesBuildPhase;
			buildActionMask = 2147483647;
			files = (
			);
			runOnlyForDeploymentPostprocessing = 0;
		};
/* End PBXSourcesBuildPhase section */

/* Begin PBXTargetDependency section */
		306A50E12DD08F4300CA520F /* PBXTargetDependency */ = {
			isa = PBXTargetDependency;
			target = 306A50D12DD08F4200CA520F /* Like Button Animation */;
			targetProxy = 306A50E02DD08F4300CA520F /* PBXContainerItemProxy */;
		};
		306A50EB2DD08F4300CA520F /* PBXTargetDependency */ = {
			isa = PBXTargetDependency;
			target = 306A50D12DD08F4200CA520F /* Like Button Animation */;
			targetProxy = 306A50EA2DD08F4300CA520F /* PBXContainerItemProxy */;
		};
/* End PBXTargetDependency section */

/* Begin XCBuildConfiguration section */
		306A50F12DD08F4300CA520F /* Debug */ = {
			isa = XCBuildConfiguration;
			buildSettings = {
				ALWAYS_SEARCH_USER_PATHS = NO;
				ASSETCATALOG_COMPILER_GENERATE_SWIFT_ASSET_SYMBOL_EXTENSIONS = YES;
				CLANG_ANALYZER_NONNULL = YES;
				CLANG_ANALYZER_NUMBER_OBJECT_CONVERSION = YES_AGGRESSIVE;
				CLANG_CXX_LANGUAGE_STANDARD = "gnu++20";
				CLANG_ENABLE_MODULES = YES;
				CLANG_ENABLE_OBJC_ARC = YES;
				CLANG_ENABLE_OBJC_WEAK = YES;
				CLANG_WARN_BLOCK_CAPTURE_AUTORELEASING = YES;
				CLANG_WARN_BOOL_CONVERSION = YES;
				CLANG_WARN_COMMA = YES;
				CLANG_WARN_CONSTANT_CONVERSION = YES;
				CLANG_WARN_DEPRECATED_OBJC_IMPLEMENTATIONS = YES;
				CLANG_WARN_DIRECT_OBJC_ISA_USAGE = YES_ERROR;
				CLANG_WARN_DOCUMENTATION_COMMENTS = YES;
				CLANG_WARN_EMPTY_BODY = YES;
				CLANG_WARN_ENUM_CONVERSION = YES;
				CLANG_WARN_INFINITE_RECURSION = YES;
				CLANG_WARN_INT_CONVERSION = YES;
				CLANG_WARN_NON_LITERAL_NULL_CONVERSION = YES;
				CLANG_WARN_OBJC_IMPLICIT_RETAIN_SELF = YES;
				CLANG_WARN_OBJC_LITERAL_CONVERSION = YES;
				CLANG_WARN_OBJC_ROOT_CLASS = YES_ERROR;
				CLANG_WARN_QUOTED_INCLUDE_IN_FRAMEWORK_HEADER = YES;
				CLANG_WARN_RANGE_LOOP_ANALYSIS = YES;
				CLANG_WARN_STRICT_PROTOTYPES = YES;
				CLANG_WARN_SUSPICIOUS_MOVE = YES;
				CLANG_WARN_UNGUARDED_AVAILABILITY = YES_AGGRESSIVE;
				CLANG_WARN_UNREACHABLE_CODE = YES;
				CLANG_WARN__DUPLICATE_METHOD_MATCH = YES;
				COPY_PHASE_STRIP = NO;
				DEBUG_INFORMATION_FORMAT = dwarf;
				DEVELOPMENT_TEAM = 56F7L6935Z;
				ENABLE_STRICT_OBJC_MSGSEND = YES;
				ENABLE_TESTABILITY = YES;
				ENABLE_USER_SCRIPT_SANDBOXING = YES;
				GCC_C_LANGUAGE_STANDARD = gnu17;
				GCC_DYNAMIC_NO_PIC = NO;
				GCC_NO_COMMON_BLOCKS = YES;
				GCC_OPTIMIZATION_LEVEL = 0;
				GCC_PREPROCESSOR_DEFINITIONS = (
					"DEBUG=1",
					"$(inherited)",
				);
				GCC_WARN_64_TO_32_BIT_CONVERSION = YES;
				GCC_WARN_ABOUT_RETURN_TYPE = YES_ERROR;
				GCC_WARN_UNDECLARED_SELECTOR = YES;
				GCC_WARN_UNINITIALIZED_AUTOS = YES_AGGRESSIVE;
				GCC_WARN_UNUSED_FUNCTION = YES;
				GCC_WARN_UNUSED_VARIABLE = YES;
				IPHONEOS_DEPLOYMENT_TARGET = 18.4;
				LOCALIZATION_PREFERS_STRING_CATALOGS = YES;
				MTL_ENABLE_DEBUG_INFO = INCLUDE_SOURCE;
				MTL_FAST_MATH = YES;
				ONLY_ACTIVE_ARCH = YES;
				SDKROOT = iphoneos;
				SWIFT_ACTIVE_COMPILATION_CONDITIONS = "DEBUG $(inherited)";
				SWIFT_OPTIMIZATION_LEVEL = "-Onone";
			};
			name = Debug;
		};
		306A50F22DD08F4300CA520F /* Release */ = {
			isa = XCBuildConfiguration;
			buildSettings = {
				ALWAYS_SEARCH_USER_PATHS = NO;
				ASSETCATALOG_COMPILER_GENERATE_SWIFT_ASSET_SYMBOL_EXTENSIONS = YES;
				CLANG_ANALYZER_NONNULL = YES;
				CLANG_ANALYZER_NUMBER_OBJECT_CONVERSION = YES_AGGRESSIVE;
				CLANG_CXX_LANGUAGE_STANDARD = "gnu++20";
				CLANG_ENABLE_MODULES = YES;
				CLANG_ENABLE_OBJC_ARC = YES;
				CLANG_ENABLE_OBJC_WEAK = YES;
				CLANG_WARN_BLOCK_CAPTURE_AUTORELEASING = YES;
				CLANG_WARN_BOOL_CONVERSION = YES;
				CLANG_WARN_COMMA = YES;
				CLANG_WARN_CONSTANT_CONVERSION = YES;
				CLANG_WARN_DEPRECATED_OBJC_IMPLEMENTATIONS = YES;
				CLANG_WARN_DIRECT_OBJC_ISA_USAGE = YES_ERROR;
				CLANG_WARN_DOCUMENTATION_COMMENTS = YES;
				CLANG_WARN_EMPTY_BODY = YES;
				CLANG_WARN_ENUM_CONVERSION = YES;
				CLANG_WARN_INFINITE_RECURSION = YES;
				CLANG_WARN_INT_CONVERSION = YES;
				CLANG_WARN_NON_LITERAL_NULL_CONVERSION = YES;
				CLANG_WARN_OBJC_IMPLICIT_RETAIN_SELF = YES;
				CLANG_WARN_OBJC_LITERAL_CONVERSION = YES;
				CLANG_WARN_OBJC_ROOT_CLASS = YES_ERROR;
				CLANG_WARN_QUOTED_INCLUDE_IN_FRAMEWORK_HEADER = YES;
				CLANG_WARN_RANGE_LOOP_ANALYSIS = YES;
				CLANG_WARN_STRICT_PROTOTYPES = YES;
				CLANG_WARN_SUSPICIOUS_MOVE = YES;
				CLANG_WARN_UNGUARDED_AVAILABILITY = YES_AGGRESSIVE;
				CLANG_WARN_UNREACHABLE_CODE = YES;
				CLANG_WARN__DUPLICATE_METHOD_MATCH = YES;
				COPY_PHASE_STRIP = NO;
				DEBUG_INFORMATION_FORMAT = "dwarf-with-dsym";
				DEVELOPMENT_TEAM = 56F7L6935Z;
				ENABLE_NS_ASSERTIONS = NO;
				ENABLE_STRICT_OBJC_MSGSEND = YES;
				ENABLE_USER_SCRIPT_SANDBOXING = YES;
				GCC_C_LANGUAGE_STANDARD = gnu17;
				GCC_NO_COMMON_BLOCKS = YES;
				GCC_WARN_64_TO_32_BIT_CONVERSION = YES;
				GCC_WARN_ABOUT_RETURN_TYPE = YES_ERROR;
				GCC_WARN_UNDECLARED_SELECTOR = YES;
				GCC_WARN_UNINITIALIZED_AUTOS = YES_AGGRESSIVE;
				GCC_WARN_UNUSED_FUNCTION = YES;
				GCC_WARN_UNUSED_VARIABLE = YES;
				IPHONEOS_DEPLOYMENT_TARGET = 18.4;
				LOCALIZATION_PREFERS_STRING_CATALOGS = YES;
				MTL_ENABLE_DEBUG_INFO = NO;
				MTL_FAST_MATH = YES;
				SDKROOT = iphoneos;
				SWIFT_COMPILATION_MODE = wholemodule;
				VALIDATE_PRODUCT = YES;
			};
			name = Release;
		};
		306A50F42DD08F4300CA520F /* Debug */ = {
			isa = XCBuildConfiguration;
			buildSettings = {
				ASSETCATALOG_COMPILER_APPICON_NAME = AppIcon;
				ASSETCATALOG_COMPILER_GLOBAL_ACCENT_COLOR_NAME = AccentColor;
				CODE_SIGN_STYLE = Automatic;
				CURRENT_PROJECT_VERSION = 1;
				DEVELOPMENT_TEAM = 56F7L6935Z;
				ENABLE_PREVIEWS = YES;
				GENERATE_INFOPLIST_FILE = YES;
				INFOPLIST_KEY_UIApplicationSceneManifest_Generation = YES;
				INFOPLIST_KEY_UIApplicationSupportsIndirectInputEvents = YES;
				INFOPLIST_KEY_UILaunchScreen_Generation = YES;
				INFOPLIST_KEY_UISupportedInterfaceOrientations_iPad = "UIInterfaceOrientationPortrait UIInterfaceOrientationPortraitUpsideDown UIInterfaceOrientationLandscapeLeft UIInterfaceOrientationLandscapeRight";
				INFOPLIST_KEY_UISupportedInterfaceOrientations_iPhone = "UIInterfaceOrientationPortrait UIInterfaceOrientationLandscapeLeft UIInterfaceOrientationLandscapeRight";
				LD_RUNPATH_SEARCH_PATHS = (
					"$(inherited)",
					"@executable_path/Frameworks",
				);
				MARKETING_VERSION = 1.0;
				PRODUCT_BUNDLE_IDENTIFIER = "de.yokobuto.Like-Button-Animation";
				PRODUCT_NAME = "$(TARGET_NAME)";
				SWIFT_EMIT_LOC_STRINGS = YES;
				SWIFT_VERSION = 5.0;
				TARGETED_DEVICE_FAMILY = "1,2";
			};
			name = Debug;
		};
		306A50F52DD08F4300CA520F /* Release */ = {
			isa = XCBuildConfiguration;
			buildSettings = {
				ASSETCATALOG_COMPILER_APPICON_NAME = AppIcon;
				ASSETCATALOG_COMPILER_GLOBAL_ACCENT_COLOR_NAME = AccentColor;
				CODE_SIGN_STYLE = Automatic;
				CURRENT_PROJECT_VERSION = 1;
				DEVELOPMENT_TEAM = 56F7L6935Z;
				ENABLE_PREVIEWS = YES;
				GENERATE_INFOPLIST_FILE = YES;
				INFOPLIST_KEY_UIApplicationSceneManifest_Generation = YES;
				INFOPLIST_KEY_UIApplicationSupportsIndirectInputEvents = YES;
				INFOPLIST_KEY_UILaunchScreen_Generation = YES;
				INFOPLIST_KEY_UISupportedInterfaceOrientations_iPad = "UIInterfaceOrientationPortrait UIInterfaceOrientationPortraitUpsideDown UIInterfaceOrientationLandscapeLeft UIInterfaceOrientationLandscapeRight";
				INFOPLIST_KEY_UISupportedInterfaceOrientations_iPhone = "UIInterfaceOrientationPortrait UIInterfaceOrientationLandscapeLeft UIInterfaceOrientationLandscapeRight";
				LD_RUNPATH_SEARCH_PATHS = (
					"$(inherited)",
					"@executable_path/Frameworks",
				);
				MARKETING_VERSION = 1.0;
				PRODUCT_BUNDLE_IDENTIFIER = "de.yokobuto.Like-Button-Animation";
				PRODUCT_NAME = "$(TARGET_NAME)";
				SWIFT_EMIT_LOC_STRINGS = YES;
				SWIFT_VERSION = 5.0;
				TARGETED_DEVICE_FAMILY = "1,2";
			};
			name = Release;
		};
		306A50F72DD08F4300CA520F /* Debug */ = {
			isa = XCBuildConfiguration;
			buildSettings = {
				BUNDLE_LOADER = "$(TEST_HOST)";
				CODE_SIGN_STYLE = Automatic;
				CURRENT_PROJECT_VERSION = 1;
				DEVELOPMENT_TEAM = 56F7L6935Z;
				GENERATE_INFOPLIST_FILE = YES;
				IPHONEOS_DEPLOYMENT_TARGET = 18.4;
				MARKETING_VERSION = 1.0;
				PRODUCT_BUNDLE_IDENTIFIER = "de.yokobuto.Like-Button-AnimationTests";
				PRODUCT_NAME = "$(TARGET_NAME)";
				SWIFT_EMIT_LOC_STRINGS = NO;
				SWIFT_VERSION = 5.0;
				TARGETED_DEVICE_FAMILY = "1,2";
				TEST_HOST = "$(BUILT_PRODUCTS_DIR)/Like Button Animation.app/$(BUNDLE_EXECUTABLE_FOLDER_PATH)/Like Button Animation";
			};
			name = Debug;
		};
		306A50F82DD08F4300CA520F /* Release */ = {
			isa = XCBuildConfiguration;
			buildSettings = {
				BUNDLE_LOADER = "$(TEST_HOST)";
				CODE_SIGN_STYLE = Automatic;
				CURRENT_PROJECT_VERSION = 1;
				DEVELOPMENT_TEAM = 56F7L6935Z;
				GENERATE_INFOPLIST_FILE = YES;
				IPHONEOS_DEPLOYMENT_TARGET = 18.4;
				MARKETING_VERSION = 1.0;
				PRODUCT_BUNDLE_IDENTIFIER = "de.yokobuto.Like-Button-AnimationTests";
				PRODUCT_NAME = "$(TARGET_NAME)";
				SWIFT_EMIT_LOC_STRINGS = NO;
				SWIFT_VERSION = 5.0;
				TARGETED_DEVICE_FAMILY = "1,2";
				TEST_HOST = "$(BUILT_PRODUCTS_DIR)/Like Button Animation.app/$(BUNDLE_EXECUTABLE_FOLDER_PATH)/Like Button Animation";
			};
			name = Release;
		};
		306A50FA2DD08F4300CA520F /* Debug */ = {
			isa = XCBuildConfiguration;
			buildSettings = {
				CODE_SIGN_STYLE = Automatic;
				CURRENT_PROJECT_VERSION = 1;
				DEVELOPMENT_TEAM = 56F7L6935Z;
				GENERATE_INFOPLIST_FILE = YES;
				MARKETING_VERSION = 1.0;
				PRODUCT_BUNDLE_IDENTIFIER = "de.yokobuto.Like-Button-AnimationUITests";
				PRODUCT_NAME = "$(TARGET_NAME)";
				SWIFT_EMIT_LOC_STRINGS = NO;
				SWIFT_VERSION = 5.0;
				TARGETED_DEVICE_FAMILY = "1,2";
				TEST_TARGET_NAME = "Like Button Animation";
			};
			name = Debug;
		};
		306A50FB2DD08F4300CA520F /* Release */ = {
			isa = XCBuildConfiguration;
			buildSettings = {
				CODE_SIGN_STYLE = Automatic;
				CURRENT_PROJECT_VERSION = 1;
				DEVELOPMENT_TEAM = 56F7L6935Z;
				GENERATE_INFOPLIST_FILE = YES;
				MARKETING_VERSION = 1.0;
				PRODUCT_BUNDLE_IDENTIFIER = "de.yokobuto.Like-Button-AnimationUITests";
				PRODUCT_NAME = "$(TARGET_NAME)";
				SWIFT_EMIT_LOC_STRINGS = NO;
				SWIFT_VERSION = 5.0;
				TARGETED_DEVICE_FAMILY = "1,2";
				TEST_TARGET_NAME = "Like Button Animation";
			};
			name = Release;
		};
/* End XCBuildConfiguration section */

/* Begin XCConfigurationList section */
		306A50CD2DD08F4200CA520F /* Build configuration list for PBXProject "Like Button Animation" */ = {
			isa = XCConfigurationList;
			buildConfigurations = (
				306A50F12DD08F4300CA520F /* Debug */,
				306A50F22DD08F4300CA520F /* Release */,
			);
			defaultConfigurationIsVisible = 0;
			defaultConfigurationName = Release;
		};
		306A50F32DD08F4300CA520F /* Build configuration list for PBXNativeTarget "Like Button Animation" */ = {
			isa = XCConfigurationList;
			buildConfigurations = (
				306A50F42DD08F4300CA520F /* Debug */,
				306A50F52DD08F4300CA520F /* Release */,
			);
			defaultConfigurationIsVisible = 0;
			defaultConfigurationName = Release;
		};
		306A50F62DD08F4300CA520F /* Build configuration list for PBXNativeTarget "Like Button AnimationTests" */ = {
			isa = XCConfigurationList;
			buildConfigurations = (
				306A50F72DD08F4300CA520F /* Debug */,
				306A50F82DD08F4300CA520F /* Release */,
			);
			defaultConfigurationIsVisible = 0;
			defaultConfigurationName = Release;
		};
		306A50F92DD08F4300CA520F /* Build configuration list for PBXNativeTarget "Like Button AnimationUITests" */ = {
			isa = XCConfigurationList;
			buildConfigurations = (
				306A50FA2DD08F4300CA520F /* Debug */,
				306A50FB2DD08F4300CA520F /* Release */,
			);
			defaultConfigurationIsVisible = 0;
			defaultConfigurationName = Release;
		};
/* End XCConfigurationList section */
	};
	rootObject = 306A50CA2DD08F4200CA520F /* Project object */;
}
